<?xml version="1.0" encoding="UTF-8" standalone="yes" ?>
<CodeBlocks_project_file>
	<FileVersion major="1" minor="6" />
	<Project>
		<Option title="Main_project" />
		<Option pch_mode="2" />
		<Option compiler="gcc" />
		<Build>
			<Target title="Debug">
				<Option output="bin/Debug/GAME" prefix_auto="1" extension_auto="1" />
				<Option object_output="obj/Debug/" />
				<Option type="1" />
				<Option compiler="gcc" />
				<Compiler>
					<Add option="-g" />
				</Compiler>
				<Linker>
					<Add library="sfml-graphics-d" />
					<Add library="sfml-audio-d" />
					<Add library="sfml-network-d" />
					<Add library="sfml-window-d" />
					<Add library="sfml-system-d" />
				</Linker>
			</Target>
			<Target title="Release">
				<Option output="bin/Release/GAME" prefix_auto="1" extension_auto="1" />
				<Option object_output="obj/Release/" />
				<Option type="1" />
				<Option compiler="gcc" />
				<Compiler>
					<Add option="-O2" />
				</Compiler>
				<Linker>
					<Add option="-s" />
					<Add library="sfml-graphics" />
					<Add library="sfml-audio" />
					<Add library="sfml-network" />
					<Add library="sfml-window" />
					<Add library="sfml-system" />
				</Linker>
			</Target>
		</Build>
		<Compiler>
			<Add option="-Wall" />
			<Add option="-fexceptions" />
			<Add option="-Winvalid-pch" />
			<Add option='-include &quot;src/PRE_COMPILED_HEADER.h&quot;' />
			<Add directory="C:/SFML-2.5.1/include" />
		</Compiler>
		<Linker>
			<Add directory="C:/SFML-2.5.1/lib" />
		</Linker>
		<Unit filename="openal32.dll" />
		<Unit filename="sfml-audio-2.dll" />
		<Unit filename="sfml-audio-d-2.dll" />
		<Unit filename="sfml-graphics-2.dll" />
		<Unit filename="sfml-graphics-d-2.dll" />
		<Unit filename="sfml-network-2.dll" />
		<Unit filename="sfml-network-d-2.dll" />
		<Unit filename="sfml-system-2.dll" />
		<Unit filename="sfml-system-d-2.dll" />
		<Unit filename="sfml-window-2.dll" />
		<Unit filename="sfml-window-d-2.dll" />
		<Unit filename="src/Background.cpp" />
		<Unit filename="src/Background.hpp" />
		<Unit filename="src/BaseEnemy.cpp" />
		<Unit filename="src/BaseEnemy.hpp" />
		<Unit filename="src/Boss.cpp" />
		<Unit filename="src/Boss.hpp" />
		<Unit filename="src/Collision.cpp" />
		<Unit filename="src/Collision.h" />
		<Unit filename="src/CreditsMenu.cpp" />
		<Unit filename="src/CreditsMenu.hpp" />
		<Unit filename="src/CustomText.cpp" />
		<Unit filename="src/CustomText.hpp" />
		<Unit filename="src/EndScene.cpp" />
		<Unit filename="src/EndScene.hpp" />
		<Unit filename="src/Enemy1.cpp" />
		<Unit filename="src/Enemy1.hpp" />
		<Unit filename="src/Enemy2.cpp" />
		<Unit filename="src/Enemy2.hpp" />
		<Unit filename="src/Enemy3.cpp" />
		<Unit filename="src/Enemy3.hpp" />
		<Unit filename="src/Enemy4.cpp" />
		<Unit filename="src/Enemy4.hpp" />
		<Unit filename="src/Enemy5.cpp" />
		<Unit filename="src/Enemy5.hpp" />
		<Unit filename="src/Enemy6.cpp" />
		<Unit filename="src/Enemy6.hpp" />
		<Unit filename="src/GameHandler.cpp" />
		<Unit filename="src/GameHandler.hpp" />
		<Unit filename="src/GameUI.cpp" />
		<Unit filename="src/GameUI.hpp" />
		<Unit filename="src/GetRes.cpp" />
		<Unit filename="src/GetRes.hpp" />
		<Unit filename="src/HelpMenu.cpp" />
		<Unit filename="src/HelpMenu.hpp" />
		<Unit filename="src/Helper.cpp" />
		<Unit filename="src/Helper.hpp" />
		<Unit filename="src/Level1.cpp" />
		<Unit filename="src/Level1.hpp" />
		<Unit filename="src/Level10.cpp" />
		<Unit filename="src/Level10.hpp" />
		<Unit filename="src/Level11.cpp" />
		<Unit filename="src/Level11.hpp" />
		<Unit filename="src/Level12.cpp" />
		<Unit filename="src/Level12.hpp" />
		<Unit filename="src/Level13.cpp" />
		<Unit filename="src/Level13.hpp" />
		<Unit filename="src/Level14.cpp" />
		<Unit filename="src/Level14.hpp" />
		<Unit filename="src/Level2.cpp" />
		<Unit filename="src/Level2.hpp" />
		<Unit filename="src/Level3.cpp" />
		<Unit filename="src/Level3.hpp" />
		<Unit filename="src/Level4.cpp" />
		<Unit filename="src/Level4.hpp" />
		<Unit filename="src/Level5.cpp" />
		<Unit filename="src/Level5.hpp" />
		<Unit filename="src/Level6.cpp" />
		<Unit filename="src/Level6.hpp" />
		<Unit filename="src/Level7.cpp" />
		<Unit filename="src/Level7.hpp" />
		<Unit filename="src/Level8.cpp" />
		<Unit filename="src/Level8.hpp" />
		<Unit filename="src/Level9.cpp" />
		<Unit filename="src/Level9.hpp" />
		<Unit filename="src/LevelBoss1.cpp" />
		<Unit filename="src/LevelBoss1.hpp" />
		<Unit filename="src/LevelBoss3p.cpp" />
		<Unit filename="src/LevelBoss3p.hpp" />
		<Unit filename="src/LevelBoss4.cpp" />
		<Unit filename="src/LevelBoss4.hpp" />
		<Unit filename="src/LevelBoss4p.cpp" />
		<Unit filename="src/LevelBoss4p.hpp" />
		<Unit filename="src/LevelBoss5p.cpp" />
		<Unit filename="src/LevelBoss5p.hpp" />
		<Unit filename="src/LevelBoss6.cpp" />
		<Unit filename="src/LevelBoss6.hpp" />
		<Unit filename="src/LevelBoss6p.cpp" />
		<Unit filename="src/LevelBoss6p.hpp" />
		<Unit filename="src/LevelBossFinal.cpp" />
		<Unit filename="src/LevelBossFinal.hpp" />
		<Unit filename="src/LevelBossI2.cpp" />
		<Unit filename="src/LevelBossI2.hpp" />
		<Unit filename="src/LevelBossI4.cpp" />
		<Unit filename="src/LevelBossI4.hpp" />
		<Unit filename="src/LevelBossI6.cpp" />
		<Unit filename="src/LevelBossI6.hpp" />
		<Unit filename="src/LevelFailed.cpp" />
		<Unit filename="src/LevelFailed.hpp" />
		<Unit filename="src/LevelHelper.cpp" />
		<Unit filename="src/LevelHelper.hpp" />
		<Unit filename="src/LevelInversed1.cpp" />
		<Unit filename="src/LevelInversed1.hpp" />
		<Unit filename="src/LevelInversed2.cpp" />
		<Unit filename="src/LevelInversed2.hpp" />
		<Unit filename="src/LevelInversed3.cpp" />
		<Unit filename="src/LevelInversed3.hpp" />
		<Unit filename="src/LevelInversed4.cpp" />
		<Unit filename="src/LevelInversed4.hpp" />
		<Unit filename="src/LevelPuzzle1.cpp" />
		<Unit filename="src/LevelPuzzle1.hpp" />
		<Unit filename="src/LevelPuzzle2.cpp" />
		<Unit filename="src/LevelPuzzle2.hpp" />
		<Unit filename="src/LevelTutorial.cpp" />
		<Unit filename="src/LevelTutorial.hpp" />
		<Unit filename="src/Loading.cpp" />
		<Unit filename="src/Loading.hpp" />
		<Unit filename="src/Main.cpp" />
		<Unit filename="src/MainMenu.cpp" />
		<Unit filename="src/MainMenu.hpp" />
		<Unit filename="src/PRE_COMPILED_HEADER.h" />
		<Unit filename="src/Player.cpp" />
		<Unit filename="src/Player.hpp" />
		<Unit filename="src/Puzzle.cpp" />
		<Unit filename="src/Puzzle.hpp" />
		<Unit filename="src/Story.cpp" />
		<Unit filename="src/Story.hpp" />
		<Unit filename="src/Success.cpp" />
		<Unit filename="src/Success.hpp" />
		<Extensions />
	</Project>
</CodeBlocks_project_file>
