<?xml version="1.0" encoding="UTF-8" standalone="yes" ?>
<CodeBlocks_project_file>
	<FileVersion major="1" minor="6" />
	<Project>
		<Option title="Main_project" />
		<Option pch_mode="2" />
		<Option compiler="gcc" />
		<Build>
			<Target title="Debug">
				<Option output="bin/Debug/GAME" prefix_auto="1" extension_auto="1" />
				<Option object_output="obj/Debug/" />
				<Option type="1" />
				<Option compiler="gcc" />
				<Compiler>
					<Add option="-g" />
				</Compiler>
				<Linker>
					<Add library="sfml-graphics-d" />
					<Add library="sfml-audio-d" />
					<Add library="sfml-network-d" />
					<Add library="sfml-window-d" />
					<Add library="sfml-system-d" />
				</Linker>
			</Target>
			<Target title="Release">
				<Option output="bin/Release/GAME" prefix_auto="1" extension_auto="1" />
				<Option object_output="obj/Release/" />
				<Option type="1" />
				<Option compiler="gcc" />
				<Compiler>
					<Add option="-O2" />
				</Compiler>
				<Linker>
					<Add option="-s" />
					<Add library="sfml-graphics" />
					<Add library="sfml-audio" />
					<Add library="sfml-network" />
					<Add library="sfml-window" />
					<Add library="sfml-system" />
				</Linker>
			</Target>
		</Build>
		<Compiler>
			<Add option="-Wall" />
			<Add option="-fexceptions" />
			<Add option="-Winvalid-pch" />
			<Add option='-include &quot;PRE_COMPILED_HEADER.h&quot;' />
			<Add directory="C:/SFML-2.5.1/include" />
		</Compiler>
		<Linker>
			<Add directory="C:/SFML-2.5.1/lib" />
		</Linker>
		<Unit filename="Background.cpp" />
		<Unit filename="Background.hpp" />
		<Unit filename="BaseEnemy.cpp" />
		<Unit filename="BaseEnemy.hpp" />
		<Unit filename="Boss.cpp" />
		<Unit filename="Boss.hpp" />
		<Unit filename="Collision.cpp" />
		<Unit filename="Collision.h" />
		<Unit filename="CreditsMenu.cpp" />
		<Unit filename="CreditsMenu.hpp" />
		<Unit filename="CustomText.cpp" />
		<Unit filename="CustomText.hpp" />
		<Unit filename="EndScene.cpp" />
		<Unit filename="EndScene.hpp" />
		<Unit filename="Enemy1.cpp" />
		<Unit filename="Enemy1.hpp" />
		<Unit filename="Enemy2.cpp" />
		<Unit filename="Enemy2.hpp" />
		<Unit filename="Enemy3.cpp" />
		<Unit filename="Enemy3.hpp" />
		<Unit filename="Enemy4.cpp" />
		<Unit filename="Enemy4.hpp" />
		<Unit filename="Enemy5.cpp" />
		<Unit filename="Enemy5.hpp" />
		<Unit filename="Enemy6.cpp" />
		<Unit filename="Enemy6.hpp" />
		<Unit filename="GameHandler.cpp" />
		<Unit filename="GameHandler.hpp" />
		<Unit filename="GameUI.cpp" />
		<Unit filename="GameUI.hpp" />
		<Unit filename="GetRes.cpp" />
		<Unit filename="GetRes.hpp" />
		<Unit filename="HelpMenu.cpp" />
		<Unit filename="HelpMenu.hpp" />
		<Unit filename="Helper.cpp" />
		<Unit filename="Helper.hpp" />
		<Unit filename="Level1.cpp" />
		<Unit filename="Level1.hpp" />
		<Unit filename="Level100.cpp" />
		<Unit filename="Level100.hpp" />
		<Unit filename="Level101.cpp" />
		<Unit filename="Level101.hpp" />
		<Unit filename="Level102.cpp" />
		<Unit filename="Level102.hpp" />
		<Unit filename="Level103.cpp" />
		<Unit filename="Level103.hpp" />
		<Unit filename="Level104.cpp" />
		<Unit filename="Level104.hpp" />
		<Unit filename="Level105.cpp" />
		<Unit filename="Level105.hpp" />
		<Unit filename="Level106.cpp" />
		<Unit filename="Level106.hpp" />
		<Unit filename="Level108.cpp" />
		<Unit filename="Level108.hpp" />
		<Unit filename="Level109.cpp" />
		<Unit filename="Level109.hpp" />
		<Unit filename="Level110.cpp" />
		<Unit filename="Level110.hpp" />
		<Unit filename="Level111.cpp" />
		<Unit filename="Level111.hpp" />
		<Unit filename="Level112.cpp" />
		<Unit filename="Level112.hpp" />
		<Unit filename="Level2.cpp" />
		<Unit filename="Level2.hpp" />
		<Unit filename="Level201.cpp" />
		<Unit filename="Level201.hpp" />
		<Unit filename="Level202.cpp" />
		<Unit filename="Level202.hpp" />
		<Unit filename="Level203.cpp" />
		<Unit filename="Level203.hpp" />
		<Unit filename="Level204.cpp" />
		<Unit filename="Level204.hpp" />
		<Unit filename="Level205.cpp" />
		<Unit filename="Level205.hpp" />
		<Unit filename="Level206.cpp" />
		<Unit filename="Level206.hpp" />
		<Unit filename="Level3.cpp" />
		<Unit filename="Level3.hpp" />
		<Unit filename="LevelFailed.cpp" />
		<Unit filename="LevelFailed.hpp" />
		<Unit filename="LevelHelper.cpp" />
		<Unit filename="LevelHelper.hpp" />
		<Unit filename="LevelTutorial.cpp" />
		<Unit filename="LevelTutorial.hpp" />
		<Unit filename="Loading.cpp" />
		<Unit filename="Loading.hpp" />
		<Unit filename="Main.cpp" />
		<Unit filename="MainMenu.cpp" />
		<Unit filename="MainMenu.hpp" />
		<Unit filename="PRE_COMPILED_HEADER.h">
			<Option compile="1" />
			<Option weight="0" />
		</Unit>
		<Unit filename="Player.cpp" />
		<Unit filename="Player.hpp" />
		<Unit filename="Puzzle.cpp" />
		<Unit filename="Puzzle.hpp" />
		<Unit filename="Story.cpp" />
		<Unit filename="Story.hpp" />
		<Unit filename="Success.cpp" />
		<Unit filename="Success.hpp" />
		<Unit filename="level107.cpp" />
		<Unit filename="level107.hpp" />
		<Unit filename="openal32.dll" />
		<Unit filename="sfml-audio-2.dll" />
		<Unit filename="sfml-audio-d-2.dll" />
		<Unit filename="sfml-graphics-2.dll" />
		<Unit filename="sfml-graphics-d-2.dll" />
		<Unit filename="sfml-network-2.dll" />
		<Unit filename="sfml-network-d-2.dll" />
		<Unit filename="sfml-system-2.dll" />
		<Unit filename="sfml-system-d-2.dll" />
		<Unit filename="sfml-window-2.dll" />
		<Unit filename="sfml-window-d-2.dll" />
		<Extensions />
	</Project>
</CodeBlocks_project_file>
