<?xml version="1.0" encoding="UTF-8" standalone="yes" ?>
<CodeBlocks_project_file>
	<FileVersion major="1" minor="6" />
	<Project>
		<Option title="Main_project" />
		<Option pch_mode="2" />
		<Option compiler="gcc" />
		<Build>
			<Target title="Debug">
				<Option output="bin/Debug/GAME" prefix_auto="1" extension_auto="1" />
				<Option object_output="obj/Debug/" />
				<Option type="1" />
				<Option compiler="gcc" />
				<Compiler>
					<Add option="-g" />
				</Compiler>
				<Linker>
					<Add library="sfml-graphics-d" />
					<Add library="sfml-audio-d" />
					<Add library="sfml-network-d" />
					<Add library="sfml-window-d" />
					<Add library="sfml-system-d" />
				</Linker>
			</Target>
			<Target title="Release">
				<Option output="bin/Release/GAME" prefix_auto="1" extension_auto="1" />
				<Option object_output="obj/Release/" />
				<Option type="1" />
				<Option compiler="gcc" />
				<Compiler>
					<Add option="-O2" />
				</Compiler>
				<Linker>
					<Add option="-s" />
					<Add library="sfml-graphics" />
					<Add library="sfml-audio" />
					<Add library="sfml-network" />
					<Add library="sfml-window" />
					<Add library="sfml-system" />
				</Linker>
			</Target>
		</Build>
		<Compiler>
			<Add option="-Wall" />
			<Add option="-fexceptions" />
			<Add option="-Winvalid-pch" />
			<Add option='-include &quot;PRE_COMPILED_HEADER.h&quot;' />
			<Add directory="C:/SFML-2.5.1/include" />
		</Compiler>
		<Linker>
			<Add directory="C:/SFML-2.5.1/lib" />
		</Linker>
		<Unit filename="Background.cpp" />
		<Unit filename="Background.hpp" />
		<Unit filename="BaseEnemy.cpp" />
		<Unit filename="BaseEnemy.hpp" />
		<Unit filename="Boss.cpp" />
		<Unit filename="Boss.hpp" />
		<Unit filename="Collision.cpp" />
		<Unit filename="Collision.h" />
		<Unit filename="CreditsMenu.cpp" />
		<Unit filename="CreditsMenu.hpp" />
		<Unit filename="CustomText.cpp" />
		<Unit filename="CustomText.hpp" />
		<Unit filename="EndScene.cpp" />
		<Unit filename="EndScene.hpp" />
		<Unit filename="Enemy1.cpp" />
		<Unit filename="Enemy1.hpp" />
		<Unit filename="Enemy2.cpp" />
		<Unit filename="Enemy2.hpp" />
		<Unit filename="Enemy3.cpp" />
		<Unit filename="Enemy3.hpp" />
		<Unit filename="Enemy4.cpp" />
		<Unit filename="Enemy4.hpp" />
		<Unit filename="Enemy5.cpp" />
		<Unit filename="Enemy5.hpp" />
		<Unit filename="Enemy6.cpp" />
		<Unit filename="Enemy6.hpp" />
		<Unit filename="GameHandler.cpp" />
		<Unit filename="GameHandler.hpp" />
		<Unit filename="GameUI.cpp" />
		<Unit filename="GameUI.hpp" />
		<Unit filename="GetRes.cpp" />
		<Unit filename="GetRes.hpp" />
		<Unit filename="HelpMenu.cpp" />
		<Unit filename="HelpMenu.hpp" />
		<Unit filename="Helper.cpp" />
		<Unit filename="Helper.hpp" />
		<Unit filename="Level1.cpp" />
		<Unit filename="Level1.hpp" />
		<Unit filename="Level10.cpp" />
		<Unit filename="Level10.hpp" />
		<Unit filename="Level11.cpp" />
		<Unit filename="Level11.hpp" />
		<Unit filename="Level12.cpp" />
		<Unit filename="Level12.hpp" />
		<Unit filename="Level13.cpp" />
		<Unit filename="Level13.hpp" />
		<Unit filename="Level14.cpp" />
		<Unit filename="Level14.hpp" />
		<Unit filename="Level2.cpp" />
		<Unit filename="Level2.hpp" />
		<Unit filename="Level3.cpp" />
		<Unit filename="Level3.hpp" />
		<Unit filename="Level4.cpp" />
		<Unit filename="Level4.hpp" />
		<Unit filename="Level5.cpp" />
		<Unit filename="Level5.hpp" />
		<Unit filename="Level6.cpp" />
		<Unit filename="Level6.hpp" />
		<Unit filename="Level7.cpp" />
		<Unit filename="Level7.hpp" />
		<Unit filename="Level8.cpp" />
		<Unit filename="Level8.hpp" />
		<Unit filename="Level9.cpp" />
		<Unit filename="Level9.hpp" />
		<Unit filename="LevelBoss1.cpp" />
		<Unit filename="LevelBoss1.hpp" />
		<Unit filename="LevelBoss3p.cpp" />
		<Unit filename="LevelBoss3p.hpp" />
		<Unit filename="LevelBoss4.cpp" />
		<Unit filename="LevelBoss4.hpp" />
		<Unit filename="LevelBoss4p.cpp" />
		<Unit filename="LevelBoss4p.hpp" />
		<Unit filename="LevelBoss5p.cpp" />
		<Unit filename="LevelBoss5p.hpp" />
		<Unit filename="LevelBoss6.cpp" />
		<Unit filename="LevelBoss6.hpp" />
		<Unit filename="LevelBoss6p.cpp" />
		<Unit filename="LevelBoss6p.hpp" />
		<Unit filename="LevelBossFinal.cpp" />
		<Unit filename="LevelBossFinal.hpp" />
		<Unit filename="LevelBossI2.cpp" />
		<Unit filename="LevelBossI2.hpp" />
		<Unit filename="LevelBossI4.cpp" />
		<Unit filename="LevelBossI4.hpp" />
		<Unit filename="LevelBossI6.cpp" />
		<Unit filename="LevelBossI6.hpp" />
		<Unit filename="LevelFailed.cpp" />
		<Unit filename="LevelFailed.hpp" />
		<Unit filename="LevelHelper.cpp" />
		<Unit filename="LevelHelper.hpp" />
		<Unit filename="LevelInversed1.cpp" />
		<Unit filename="LevelInversed1.hpp" />
		<Unit filename="LevelInversed2.cpp" />
		<Unit filename="LevelInversed2.hpp" />
		<Unit filename="LevelInversed3.cpp" />
		<Unit filename="LevelInversed3.hpp" />
		<Unit filename="LevelInversed4.cpp" />
		<Unit filename="LevelInversed4.hpp" />
		<Unit filename="LevelPuzzle1.cpp" />
		<Unit filename="LevelPuzzle1.hpp" />
		<Unit filename="LevelPuzzle2.cpp" />
		<Unit filename="LevelPuzzle2.hpp" />
		<Unit filename="LevelTutorial.cpp" />
		<Unit filename="LevelTutorial.hpp" />
		<Unit filename="Loading.cpp" />
		<Unit filename="Loading.hpp" />
		<Unit filename="Main.cpp" />
		<Unit filename="MainMenu.cpp" />
		<Unit filename="MainMenu.hpp" />
		<Unit filename="PRE_COMPILED_HEADER.h" />
		<Unit filename="Player.cpp" />
		<Unit filename="Player.hpp" />
		<Unit filename="Puzzle.cpp" />
		<Unit filename="Puzzle.hpp" />
		<Unit filename="Story.cpp" />
		<Unit filename="Story.hpp" />
		<Unit filename="Success.cpp" />
		<Unit filename="Success.hpp" />
		<Unit filename="openal32.dll" />
		<Unit filename="sfml-audio-2.dll" />
		<Unit filename="sfml-audio-d-2.dll" />
		<Unit filename="sfml-graphics-2.dll" />
		<Unit filename="sfml-graphics-d-2.dll" />
		<Unit filename="sfml-network-2.dll" />
		<Unit filename="sfml-network-d-2.dll" />
		<Unit filename="sfml-system-2.dll" />
		<Unit filename="sfml-system-d-2.dll" />
		<Unit filename="sfml-window-2.dll" />
		<Unit filename="sfml-window-d-2.dll" />
		<Extensions />
	</Project>
</CodeBlocks_project_file>
